
Microsoft Visual Studio Solution File, Format Version 12.00
# Visual Studio Version 16
VisualStudioVersion = 16.0.30517.126
MinimumVisualStudioVersion = 10.0.40219.1
Project("{9A19103F-16F7-4668-BE54-9A1E7A4F7556}") = "OpenMyGarage.Api", "OpenMyGarage.Api\OpenMyGarage.Api.csproj", "{D2D0BB56-B816-4104-A7E2-6F4C82B4E2D7}"
EndProject
Project("{9A19103F-16F7-4668-BE54-9A1E7A4F7556}") = "OpenMyGarage.Entity", "OpenMyGarage.Entity\OpenMyGarage.Entity.csproj", "{C5286197-FE77-4A12-86F8-C561A5271643}"
EndProject
Project("{9A19103F-16F7-4668-BE54-9A1E7A4F7556}") = "OpenMyGarage.Domain", "OpenMyGarage.Domain\OpenMyGarage.Domain.csproj", "{6264A3E3-7357-4FCA-BD37-CE9369161F5E}"
EndProject
Global
	GlobalSection(SolutionConfigurationPlatforms) = preSolution
		Debug|Any CPU = Debug|Any CPU
		Release|Any CPU = Release|Any CPU
	EndGlobalSection
	GlobalSection(ProjectConfigurationPlatforms) = postSolution
		{D2D0BB56-B816-4104-A7E2-6F4C82B4E2D7}.Debug|Any CPU.ActiveCfg = Debug|Any CPU
		{D2D0BB56-B816-4104-A7E2-6F4C82B4E2D7}.Debug|Any CPU.Build.0 = Debug|Any CPU
		{D2D0BB56-B816-4104-A7E2-6F4C82B4E2D7}.Release|Any CPU.ActiveCfg = Release|Any CPU
		{D2D0BB56-B816-4104-A7E2-6F4C82B4E2D7}.Release|Any CPU.Build.0 = Release|Any CPU
		{C5286197-FE77-4A12-86F8-C561A5271643}.Debug|Any CPU.ActiveCfg = Debug|Any CPU
		{C5286197-FE77-4A12-86F8-C561A5271643}.Debug|Any CPU.Build.0 = Debug|Any CPU
		{C5286197-FE77-4A12-86F8-C561A5271643}.Release|Any CPU.ActiveCfg = Release|Any CPU
		{C5286197-FE77-4A12-86F8-C561A5271643}.Release|Any CPU.Build.0 = Release|Any CPU
		{6264A3E3-7357-4FCA-BD37-CE9369161F5E}.Debug|Any CPU.ActiveCfg = Debug|Any CPU
		{6264A3E3-7357-4FCA-BD37-CE9369161F5E}.Debug|Any CPU.Build.0 = Debug|Any CPU
		{6264A3E3-7357-4FCA-BD37-CE9369161F5E}.Release|Any CPU.ActiveCfg = Release|Any CPU
		{6264A3E3-7357-4FCA-BD37-CE9369161F5E}.Release|Any CPU.Build.0 = Release|Any CPU
	EndGlobalSection
	GlobalSection(SolutionProperties) = preSolution
		HideSolutionNode = FALSE
	EndGlobalSection
	GlobalSection(ExtensibilityGlobals) = postSolution
		SolutionGuid = {95FC263F-0CA1-4AAD-822F-5C9681D918EA}
	EndGlobalSection
EndGlobal
